
Microsoft Visual Studio Solution File, Format Version 12.00
# Visual Studio 2012
Project("{FAE04EC0-301F-11D3-BF4B-00C04F79EFBC}") = "ExportFromAmazonS3ImportIntoAzureBlobStorage", "src\ExportFromAmazonS3ImportIntoAzureBlobStorage.csproj", "{59CF9B1C-4E80-4298-9B88-6A9CAF53B8A4}"
EndProject
Global
	GlobalSection(SolutionConfigurationPlatforms) = preSolution
		Debug|Any CPU = Debug|Any CPU
		Release|Any CPU = Release|Any CPU
	EndGlobalSection
	GlobalSection(ProjectConfigurationPlatforms) = postSolution
		{59CF9B1C-4E80-4298-9B88-6A9CAF53B8A4}.Debug|Any CPU.ActiveCfg = Debug|Any CPU
		{59CF9B1C-4E80-4298-9B88-6A9CAF53B8A4}.Debug|Any CPU.Build.0 = Debug|Any CPU
		{59CF9B1C-4E80-4298-9B88-6A9CAF53B8A4}.Release|Any CPU.ActiveCfg = Release|Any CPU
		{59CF9B1C-4E80-4298-9B88-6A9CAF53B8A4}.Release|Any CPU.Build.0 = Release|Any CPU
	EndGlobalSection
	GlobalSection(SolutionProperties) = preSolution
		HideSolutionNode = FALSE
	EndGlobalSection
EndGlobal
